// !$*UTF8*$!
{
	archiveVersion = 1;
	classes = {
	};
	objectVersion = 46;
	objects = {

/* Begin PBXBuildFile section */
		5053A02419D7761C00A2F024 /* AMF0EncoderTests.m in Sources */ = {isa = PBXBuildFile; fileRef = 5053A02319D7761C00A2F024 /* AMF0EncoderTests.m */; };
		509D91F118DF908500FC9A7A /* AMF3.m in Sources */ = {isa = PBXBuildFile; fileRef = 509D91EF18DF908500FC9A7A /* AMF3.m */; };
		50B3383018D86C9600380ECB /* AMF0Decoder.m in Sources */ = {isa = PBXBuildFile; fileRef = 50B3382718D86C9600380ECB /* AMF0Decoder.m */; };
		50B3383218D86C9600380ECB /* AMF0Encoder.m in Sources */ = {isa = PBXBuildFile; fileRef = 50B3382918D86C9600380ECB /* AMF0Encoder.m */; };
		50B3383618D86C9600380ECB /* AMFSerialization.m in Sources */ = {isa = PBXBuildFile; fileRef = 50B3382D18D86C9600380ECB /* AMFSerialization.m */; };
		50B3396718DB530800380ECB /* AMF0.m in Sources */ = {isa = PBXBuildFile; fileRef = 50B3396618DB530800380ECB /* AMF0.m */; };
		50FDC58F19D7783E005A30EF /* libAMF.a in Frameworks */ = {isa = PBXBuildFile; fileRef = 50B3377518D83F5100380ECB /* libAMF.a */; };
		50FDC59319D7DB24005A30EF /* AMF0SerializationTests.m in Sources */ = {isa = PBXBuildFile; fileRef = 50FDC59219D7DB24005A30EF /* AMF0SerializationTests.m */; };
		50FDC59619D7DBFF005A30EF /* AMFError.m in Sources */ = {isa = PBXBuildFile; fileRef = 50FDC59519D7DBFF005A30EF /* AMFError.m */; };
/* End PBXBuildFile section */

/* Begin PBXContainerItemProxy section */
		50FDC59019D77842005A30EF /* PBXContainerItemProxy */ = {
			isa = PBXContainerItemProxy;
			containerPortal = 50B3376D18D83F5100380ECB /* Project object */;
			proxyType = 1;
			remoteGlobalIDString = 50B3377418D83F5100380ECB;
			remoteInfo = AMF;
		};
/* End PBXContainerItemProxy section */

/* Begin PBXFileReference section */
		5053A01F19D7761C00A2F024 /* AMFTests.xctest */ = {isa = PBXFileReference; explicitFileType = wrapper.cfbundle; includeInIndex = 0; path = AMFTests.xctest; sourceTree = BUILT_PRODUCTS_DIR; };
		5053A02219D7761C00A2F024 /* Info.plist */ = {isa = PBXFileReference; lastKnownFileType = text.plist.xml; path = Info.plist; sourceTree = "<group>"; };
		5053A02319D7761C00A2F024 /* AMF0EncoderTests.m */ = {isa = PBXFileReference; lastKnownFileType = sourcecode.c.objc; path = AMF0EncoderTests.m; sourceTree = "<group>"; };
		509D91EE18DF908500FC9A7A /* AMF3.h */ = {isa = PBXFileReference; fileEncoding = 4; lastKnownFileType = sourcecode.c.h; path = AMF3.h; sourceTree = "<group>"; };
		509D91EF18DF908500FC9A7A /* AMF3.m */ = {isa = PBXFileReference; fileEncoding = 4; lastKnownFileType = sourcecode.c.objc; path = AMF3.m; sourceTree = "<group>"; };
		50B3377518D83F5100380ECB /* libAMF.a */ = {isa = PBXFileReference; explicitFileType = archive.ar; includeInIndex = 0; path = libAMF.a; sourceTree = BUILT_PRODUCTS_DIR; };
		50B337E518D842D500380ECB /* AMF-Prefix.pch */ = {isa = PBXFileReference; fileEncoding = 4; lastKnownFileType = sourcecode.c.h; path = "AMF-Prefix.pch"; sourceTree = "<group>"; };
		50B337E618D842D500380ECB /* AMF.h */ = {isa = PBXFileReference; fileEncoding = 4; lastKnownFileType = sourcecode.c.h; path = AMF.h; sourceTree = "<group>"; };
		50B3382518D86C9600380ECB /* AMF0.h */ = {isa = PBXFileReference; fileEncoding = 4; lastKnownFileType = sourcecode.c.h; path = AMF0.h; sourceTree = "<group>"; };
		50B3382618D86C9600380ECB /* AMF0Decoder.h */ = {isa = PBXFileReference; fileEncoding = 4; lastKnownFileType = sourcecode.c.h; path = AMF0Decoder.h; sourceTree = "<group>"; };
		50B3382718D86C9600380ECB /* AMF0Decoder.m */ = {isa = PBXFileReference; fileEncoding = 4; lastKnownFileType = sourcecode.c.objc; path = AMF0Decoder.m; sourceTree = "<group>"; };
		50B3382818D86C9600380ECB /* AMF0Encoder.h */ = {isa = PBXFileReference; fileEncoding = 4; lastKnownFileType = sourcecode.c.h; path = AMF0Encoder.h; sourceTree = "<group>"; };
		50B3382918D86C9600380ECB /* AMF0Encoder.m */ = {isa = PBXFileReference; fileEncoding = 4; lastKnownFileType = sourcecode.c.objc; path = AMF0Encoder.m; sourceTree = "<group>"; };
		50B3382A18D86C9600380ECB /* AMFDecoder.h */ = {isa = PBXFileReference; fileEncoding = 4; lastKnownFileType = sourcecode.c.h; path = AMFDecoder.h; sourceTree = "<group>"; };
		50B3382B18D86C9600380ECB /* AMFEncoder.h */ = {isa = PBXFileReference; fileEncoding = 4; lastKnownFileType = sourcecode.c.h; path = AMFEncoder.h; sourceTree = "<group>"; };
		50B3382C18D86C9600380ECB /* AMFSerialization.h */ = {isa = PBXFileReference; fileEncoding = 4; lastKnownFileType = sourcecode.c.h; path = AMFSerialization.h; sourceTree = "<group>"; };
		50B3382D18D86C9600380ECB /* AMFSerialization.m */ = {isa = PBXFileReference; fileEncoding = 4; lastKnownFileType = sourcecode.c.objc; path = AMFSerialization.m; sourceTree = "<group>"; };
		50B3396618DB530800380ECB /* AMF0.m */ = {isa = PBXFileReference; fileEncoding = 4; lastKnownFileType = sourcecode.c.objc; path = AMF0.m; sourceTree = "<group>"; };
		50FDC59219D7DB24005A30EF /* AMF0SerializationTests.m */ = {isa = PBXFileReference; fileEncoding = 4; lastKnownFileType = sourcecode.c.objc; path = AMF0SerializationTests.m; sourceTree = "<group>"; };
		50FDC59419D7DBFF005A30EF /* AMFError.h */ = {isa = PBXFileReference; fileEncoding = 4; lastKnownFileType = sourcecode.c.h; path = AMFError.h; sourceTree = "<group>"; };
		50FDC59519D7DBFF005A30EF /* AMFError.m */ = {isa = PBXFileReference; fileEncoding = 4; lastKnownFileType = sourcecode.c.objc; path = AMFError.m; sourceTree = "<group>"; };
/* End PBXFileReference section */

/* Begin PBXFrameworksBuildPhase section */
		5053A01C19D7761C00A2F024 /* Frameworks */ = {
			isa = PBXFrameworksBuildPhase;
			buildActionMask = 2147483647;
			files = (
				50FDC58F19D7783E005A30EF /* libAMF.a in Frameworks */,
			);
			runOnlyForDeploymentPostprocessing = 0;
		};
/* End PBXFrameworksBuildPhase section */

/* Begin PBXGroup section */
		5053A02019D7761C00A2F024 /* AMFTests */ = {
			isa = PBXGroup;
			children = (
				5053A02319D7761C00A2F024 /* AMF0EncoderTests.m */,
				50FDC59219D7DB24005A30EF /* AMF0SerializationTests.m */,
				5053A02219D7761C00A2F024 /* Info.plist */,
			);
			path = AMFTests;
			sourceTree = "<group>";
		};
		509D91F218DF909700FC9A7A /* AMF0 */ = {
			isa = PBXGroup;
			children = (
				50B3382518D86C9600380ECB /* AMF0.h */,
				50B3396618DB530800380ECB /* AMF0.m */,
				50B3382618D86C9600380ECB /* AMF0Decoder.h */,
				50B3382718D86C9600380ECB /* AMF0Decoder.m */,
				50B3382818D86C9600380ECB /* AMF0Encoder.h */,
				50B3382918D86C9600380ECB /* AMF0Encoder.m */,
			);
			name = AMF0;
			sourceTree = "<group>";
		};
		509D91F318DF90A400FC9A7A /* AMF3 */ = {
			isa = PBXGroup;
			children = (
				509D91EE18DF908500FC9A7A /* AMF3.h */,
				509D91EF18DF908500FC9A7A /* AMF3.m */,
			);
			name = AMF3;
			sourceTree = "<group>";
		};
		50B3376C18D83F5100380ECB = {
			isa = PBXGroup;
			children = (
				50B337E418D842CC00380ECB /* AMF */,
				5053A02019D7761C00A2F024 /* AMFTests */,
				50B3377718D83F5100380ECB /* Frameworks */,
				50B3377618D83F5100380ECB /* Products */,
			);
			sourceTree = "<group>";
		};
		50B3377618D83F5100380ECB /* Products */ = {
			isa = PBXGroup;
			children = (
				50B3377518D83F5100380ECB /* libAMF.a */,
				5053A01F19D7761C00A2F024 /* AMFTests.xctest */,
			);
			name = Products;
			sourceTree = "<group>";
		};
		50B3377718D83F5100380ECB /* Frameworks */ = {
			isa = PBXGroup;
			children = (
			);
			name = Frameworks;
			sourceTree = "<group>";
		};
		50B337E418D842CC00380ECB /* AMF */ = {
			isa = PBXGroup;
			children = (
				50B337E518D842D500380ECB /* AMF-Prefix.pch */,
				50B337E618D842D500380ECB /* AMF.h */,
				50B3382A18D86C9600380ECB /* AMFDecoder.h */,
				50B3382B18D86C9600380ECB /* AMFEncoder.h */,
				50FDC59419D7DBFF005A30EF /* AMFError.h */,
				50FDC59519D7DBFF005A30EF /* AMFError.m */,
				509D91F218DF909700FC9A7A /* AMF0 */,
				509D91F318DF90A400FC9A7A /* AMF3 */,
				50B3382C18D86C9600380ECB /* AMFSerialization.h */,
				50B3382D18D86C9600380ECB /* AMFSerialization.m */,
			);
			name = AMF;
			sourceTree = "<group>";
		};
/* End PBXGroup section */

/* Begin PBXNativeTarget section */
		5053A01E19D7761C00A2F024 /* AMFTests */ = {
			isa = PBXNativeTarget;
			buildConfigurationList = 5053A02719D7761C00A2F024 /* Build configuration list for PBXNativeTarget "AMFTests" */;
			buildPhases = (
				5053A01B19D7761C00A2F024 /* Sources */,
				5053A01C19D7761C00A2F024 /* Frameworks */,
				5053A01D19D7761C00A2F024 /* Resources */,
			);
			buildRules = (
			);
			dependencies = (
				50FDC59119D77842005A30EF /* PBXTargetDependency */,
			);
			name = AMFTests;
			productName = AMFTests;
			productReference = 5053A01F19D7761C00A2F024 /* AMFTests.xctest */;
			productType = "com.apple.product-type.bundle.unit-test";
		};
		50B3377418D83F5100380ECB /* AMF */ = {
			isa = PBXNativeTarget;
			buildConfigurationList = 50B3379918D83F5100380ECB /* Build configuration list for PBXNativeTarget "AMF" */;
			buildPhases = (
				50B3377118D83F5100380ECB /* Sources */,
			);
			buildRules = (
			);
			dependencies = (
			);
			name = AMF;
			productName = AMF;
			productReference = 50B3377518D83F5100380ECB /* libAMF.a */;
			productType = "com.apple.product-type.library.static";
		};
/* End PBXNativeTarget section */

/* Begin PBXProject section */
		50B3376D18D83F5100380ECB /* Project object */ = {
			isa = PBXProject;
			attributes = {
				CLASSPREFIX = AMF;
				LastUpgradeCheck = 1200;
				ORGANIZATIONNAME = "Boinx Software Ltd.";
				TargetAttributes = {
					5053A01E19D7761C00A2F024 = {
						CreatedOnToolsVersion = 6.0;
					};
				};
			};
			buildConfigurationList = 50B3377018D83F5100380ECB /* Build configuration list for PBXProject "AMF-OSX" */;
			compatibilityVersion = "Xcode 3.2";
			developmentRegion = en;
			hasScannedForEncodings = 0;
			knownRegions = (
				en,
				Base,
			);
			mainGroup = 50B3376C18D83F5100380ECB;
			productRefGroup = 50B3377618D83F5100380ECB /* Products */;
			projectDirPath = "";
			projectRoot = "";
			targets = (
				50B3377418D83F5100380ECB /* AMF */,
				5053A01E19D7761C00A2F024 /* AMFTests */,
			);
		};
/* End PBXProject section */

/* Begin PBXResourcesBuildPhase section */
		5053A01D19D7761C00A2F024 /* Resources */ = {
			isa = PBXResourcesBuildPhase;
			buildActionMask = 2147483647;
			files = (
			);
			runOnlyForDeploymentPostprocessing = 0;
		};
/* End PBXResourcesBuildPhase section */

/* Begin PBXSourcesBuildPhase section */
		5053A01B19D7761C00A2F024 /* Sources */ = {
			isa = PBXSourcesBuildPhase;
			buildActionMask = 2147483647;
			files = (
				50FDC59319D7DB24005A30EF /* AMF0SerializationTests.m in Sources */,
				5053A02419D7761C00A2F024 /* AMF0EncoderTests.m in Sources */,
			);
			runOnlyForDeploymentPostprocessing = 0;
		};
		50B3377118D83F5100380ECB /* Sources */ = {
			isa = PBXSourcesBuildPhase;
			buildActionMask = 2147483647;
			files = (
				509D91F118DF908500FC9A7A /* AMF3.m in Sources */,
				50B3383218D86C9600380ECB /* AMF0Encoder.m in Sources */,
				50B3396718DB530800380ECB /* AMF0.m in Sources */,
				50B3383018D86C9600380ECB /* AMF0Decoder.m in Sources */,
				50B3383618D86C9600380ECB /* AMFSerialization.m in Sources */,
				50FDC59619D7DBFF005A30EF /* AMFError.m in Sources */,
			);
			runOnlyForDeploymentPostprocessing = 0;
		};
/* End PBXSourcesBuildPhase section */

/* Begin PBXTargetDependency section */
		50FDC59119D77842005A30EF /* PBXTargetDependency */ = {
			isa = PBXTargetDependency;
			target = 50B3377418D83F5100380ECB /* AMF */;
			targetProxy = 50FDC59019D77842005A30EF /* PBXContainerItemProxy */;
		};
/* End PBXTargetDependency section */

/* Begin XCBuildConfiguration section */
		5053A02519D7761C00A2F024 /* Debug */ = {
			isa = XCBuildConfiguration;
			buildSettings = {
				CLANG_WARN_UNREACHABLE_CODE = YES;
				COMBINE_HIDPI_IMAGES = YES;
				ENABLE_STRICT_OBJC_MSGSEND = YES;
				FRAMEWORK_SEARCH_PATHS = (
					"$(DEVELOPER_FRAMEWORKS_DIR)",
					"$(inherited)",
				);
				GCC_PREPROCESSOR_DEFINITIONS = (
					"DEBUG=1",
					"$(inherited)",
				);
				INFOPLIST_FILE = AMFTests/Info.plist;
				LD_RUNPATH_SEARCH_PATHS = "$(inherited) @executable_path/../Frameworks @loader_path/../Frameworks";
				MACOSX_DEPLOYMENT_TARGET = 10.10;
				MTL_ENABLE_DEBUG_INFO = YES;
				PRODUCT_BUNDLE_IDENTIFIER = "de.mczonk.$(PRODUCT_NAME:rfc1034identifier)";
				PRODUCT_NAME = "$(TARGET_NAME)";
			};
			name = Debug;
		};
		5053A02619D7761C00A2F024 /* Release */ = {
			isa = XCBuildConfiguration;
			buildSettings = {
				CLANG_WARN_UNREACHABLE_CODE = YES;
				COMBINE_HIDPI_IMAGES = YES;
				ENABLE_STRICT_OBJC_MSGSEND = YES;
				FRAMEWORK_SEARCH_PATHS = (
					"$(DEVELOPER_FRAMEWORKS_DIR)",
					"$(inherited)",
				);
				INFOPLIST_FILE = AMFTests/Info.plist;
				LD_RUNPATH_SEARCH_PATHS = "$(inherited) @executable_path/../Frameworks @loader_path/../Frameworks";
				MACOSX_DEPLOYMENT_TARGET = 10.10;
				MTL_ENABLE_DEBUG_INFO = NO;
				PRODUCT_BUNDLE_IDENTIFIER = "de.mczonk.$(PRODUCT_NAME:rfc1034identifier)";
				PRODUCT_NAME = "$(TARGET_NAME)";
			};
			name = Release;
		};
		50B3379718D83F5100380ECB /* Debug */ = {
			isa = XCBuildConfiguration;
			buildSettings = {
				ALWAYS_SEARCH_USER_PATHS = NO;
				CLANG_ANALYZER_LOCALIZABILITY_NONLOCALIZED = YES;
				CLANG_CXX_LANGUAGE_STANDARD = "gnu++0x";
				CLANG_CXX_LIBRARY = "libc++";
				CLANG_ENABLE_MODULES = YES;
				CLANG_ENABLE_OBJC_ARC = YES;
				CLANG_WARN_BLOCK_CAPTURE_AUTORELEASING = YES;
				CLANG_WARN_BOOL_CONVERSION = YES;
				CLANG_WARN_COMMA = YES;
				CLANG_WARN_CONSTANT_CONVERSION = YES;
				CLANG_WARN_DEPRECATED_OBJC_IMPLEMENTATIONS = YES;
				CLANG_WARN_DIRECT_OBJC_ISA_USAGE = YES_ERROR;
				CLANG_WARN_EMPTY_BODY = YES;
				CLANG_WARN_ENUM_CONVERSION = YES;
				CLANG_WARN_INFINITE_RECURSION = YES;
				CLANG_WARN_INT_CONVERSION = YES;
				CLANG_WARN_NON_LITERAL_NULL_CONVERSION = YES;
				CLANG_WARN_OBJC_IMPLICIT_RETAIN_SELF = YES;
				CLANG_WARN_OBJC_LITERAL_CONVERSION = YES;
				CLANG_WARN_OBJC_ROOT_CLASS = YES_ERROR;
				CLANG_WARN_QUOTED_INCLUDE_IN_FRAMEWORK_HEADER = YES;
				CLANG_WARN_RANGE_LOOP_ANALYSIS = YES;
				CLANG_WARN_STRICT_PROTOTYPES = YES;
				CLANG_WARN_SUSPICIOUS_MOVE = YES;
				CLANG_WARN_UNREACHABLE_CODE = YES;
				CLANG_WARN__DUPLICATE_METHOD_MATCH = YES;
				COPY_PHASE_STRIP = NO;
				ENABLE_STRICT_OBJC_MSGSEND = YES;
				ENABLE_TESTABILITY = YES;
				GCC_C_LANGUAGE_STANDARD = gnu99;
				GCC_DYNAMIC_NO_PIC = NO;
				GCC_ENABLE_OBJC_EXCEPTIONS = YES;
				GCC_NO_COMMON_BLOCKS = YES;
				GCC_OPTIMIZATION_LEVEL = 0;
				GCC_PREPROCESSOR_DEFINITIONS = (
					"DEBUG=1",
					"$(inherited)",
				);
				GCC_SYMBOLS_PRIVATE_EXTERN = NO;
				GCC_WARN_64_TO_32_BIT_CONVERSION = YES;
				GCC_WARN_ABOUT_RETURN_TYPE = YES_ERROR;
				GCC_WARN_UNDECLARED_SELECTOR = YES;
				GCC_WARN_UNINITIALIZED_AUTOS = YES_AGGRESSIVE;
				GCC_WARN_UNUSED_FUNCTION = YES;
				GCC_WARN_UNUSED_VARIABLE = YES;
				MACOSX_DEPLOYMENT_TARGET = 10.9;
				ONLY_ACTIVE_ARCH = YES;
				SDKROOT = macosx;
				SKIP_INSTALL = YES;
			};
			name = Debug;
		};
		50B3379818D83F5100380ECB /* Release */ = {
			isa = XCBuildConfiguration;
			buildSettings = {
				ALWAYS_SEARCH_USER_PATHS = NO;
				CLANG_ANALYZER_LOCALIZABILITY_NONLOCALIZED = YES;
				CLANG_CXX_LANGUAGE_STANDARD = "gnu++0x";
				CLANG_CXX_LIBRARY = "libc++";
				CLANG_ENABLE_MODULES = YES;
				CLANG_ENABLE_OBJC_ARC = YES;
				CLANG_WARN_BLOCK_CAPTURE_AUTORELEASING = YES;
				CLANG_WARN_BOOL_CONVERSION = YES;
				CLANG_WARN_COMMA = YES;
				CLANG_WARN_CONSTANT_CONVERSION = YES;
				CLANG_WARN_DEPRECATED_OBJC_IMPLEMENTATIONS = YES;
				CLANG_WARN_DIRECT_OBJC_ISA_USAGE = YES_ERROR;
				CLANG_WARN_EMPTY_BODY = YES;
				CLANG_WARN_ENUM_CONVERSION = YES;
				CLANG_WARN_INFINITE_RECURSION = YES;
				CLANG_WARN_INT_CONVERSION = YES;
				CLANG_WARN_NON_LITERAL_NULL_CONVERSION = YES;
				CLANG_WARN_OBJC_IMPLICIT_RETAIN_SELF = YES;
				CLANG_WARN_OBJC_LITERAL_CONVERSION = YES;
				CLANG_WARN_OBJC_ROOT_CLASS = YES_ERROR;
				CLANG_WARN_QUOTED_INCLUDE_IN_FRAMEWORK_HEADER = YES;
				CLANG_WARN_RANGE_LOOP_ANALYSIS = YES;
				CLANG_WARN_STRICT_PROTOTYPES = YES;
				CLANG_WARN_SUSPICIOUS_MOVE = YES;
				CLANG_WARN_UNREACHABLE_CODE = YES;
				CLANG_WARN__DUPLICATE_METHOD_MATCH = YES;
				COPY_PHASE_STRIP = YES;
				DEBUG_INFORMATION_FORMAT = "dwarf-with-dsym";
				ENABLE_NS_ASSERTIONS = NO;
				ENABLE_STRICT_OBJC_MSGSEND = YES;
				GCC_C_LANGUAGE_STANDARD = gnu99;
				GCC_ENABLE_OBJC_EXCEPTIONS = YES;
				GCC_NO_COMMON_BLOCKS = YES;
				GCC_WARN_64_TO_32_BIT_CONVERSION = YES;
				GCC_WARN_ABOUT_RETURN_TYPE = YES_ERROR;
				GCC_WARN_UNDECLARED_SELECTOR = YES;
				GCC_WARN_UNINITIALIZED_AUTOS = YES_AGGRESSIVE;
				GCC_WARN_UNUSED_FUNCTION = YES;
				GCC_WARN_UNUSED_VARIABLE = YES;
				MACOSX_DEPLOYMENT_TARGET = 10.9;
				SDKROOT = macosx;
				SKIP_INSTALL = YES;
			};
			name = Release;
		};
		50B3379A18D83F5100380ECB /* Debug */ = {
			isa = XCBuildConfiguration;
			buildSettings = {
				COMBINE_HIDPI_IMAGES = YES;
				GCC_PRECOMPILE_PREFIX_HEADER = YES;
				GCC_PREFIX_HEADER = "AMF-Prefix.pch";
				PRODUCT_NAME = AMF;
			};
			name = Debug;
		};
		50B3379B18D83F5100380ECB /* Release */ = {
			isa = XCBuildConfiguration;
			buildSettings = {
				COMBINE_HIDPI_IMAGES = YES;
				GCC_PRECOMPILE_PREFIX_HEADER = YES;
				GCC_PREFIX_HEADER = "AMF-Prefix.pch";
				PRODUCT_NAME = AMF;
			};
			name = Release;
		};
/* End XCBuildConfiguration section */

/* Begin XCConfigurationList section */
		5053A02719D7761C00A2F024 /* Build configuration list for PBXNativeTarget "AMFTests" */ = {
			isa = XCConfigurationList;
			buildConfigurations = (
				5053A02519D7761C00A2F024 /* Debug */,
				5053A02619D7761C00A2F024 /* Release */,
			);
			defaultConfigurationIsVisible = 0;
			defaultConfigurationName = Release;
		};
		50B3377018D83F5100380ECB /* Build configuration list for PBXProject "AMF-OSX" */ = {
			isa = XCConfigurationList;
			buildConfigurations = (
				50B3379718D83F5100380ECB /* Debug */,
				50B3379818D83F5100380ECB /* Release */,
			);
			defaultConfigurationIsVisible = 0;
			defaultConfigurationName = Release;
		};
		50B3379918D83F5100380ECB /* Build configuration list for PBXNativeTarget "AMF" */ = {
			isa = XCConfigurationList;
			buildConfigurations = (
				50B3379A18D83F5100380ECB /* Debug */,
				50B3379B18D83F5100380ECB /* Release */,
			);
			defaultConfigurationIsVisible = 0;
			defaultConfigurationName = Release;
		};
/* End XCConfigurationList section */
	};
	rootObject = 50B3376D18D83F5100380ECB /* Project object */;
}
